<?xml version="1.0" encoding="utf-8"?>
<Project ToolsVersion="4.0" xmlns="http://schemas.microsoft.com/developer/msbuild/2003">
  <ItemGroup>
    <Filter Include="source">
      <UniqueIdentifier>{a918a199-012b-4441-88d8-717ba293f76b}</UniqueIdentifier>
    </Filter>
    <Filter Include="include">
      <UniqueIdentifier>{a84f28d3-fc0a-40d0-a8b3-3c41ed081c7a}</UniqueIdentifier>
    </Filter>
    <Filter Include="File System">
      <UniqueIdentifier>{ddacc2cd-914b-449b-8d5f-95a8e62b19c1}</UniqueIdentifier>
    </Filter>
    <Filter Include="File System\File">
      <UniqueIdentifier>{42355e53-d9b3-4ff0-a9be-bef3b2308104}</UniqueIdentifier>
    </Filter>
    <Filter Include="libraries">
      <UniqueIdentifier>{6cbc114d-f4d8-4df4-a3d9-9d3d04163bba}</UniqueIdentifier>
    </Filter>
    <Filter Include="libraries\zlib">
      <UniqueIdentifier>{13f3f610-3e92-4843-9420-24ad4d6275ee}</UniqueIdentifier>
    </Filter>
    <Filter Include="File System\Archive Loaders">
      <UniqueIdentifier>{801b81a3-7ad7-4a02-9f3e-fc9f99115257}</UniqueIdentifier>
    </Filter>
    <Filter Include="libraries\libpng">
      <UniqueIdentifier>{d4bc1206-cae3-46b7-860f-e85d92f2f51f}</UniqueIdentifier>
    </Filter>
    <Filter Include="OpenGL">
      <UniqueIdentifier>{94c08186-1e13-4347-9ddf-11de3b4cfd75}</UniqueIdentifier>
    </Filter>
  </ItemGroup>
  <ItemGroup>
    <ClCompile Include="..\source\GL_Context.c">
      <Filter>source</Filter>
    </ClCompile>
    <ClCompile Include="..\source\main.cpp">
      <Filter>source</Filter>
    </ClCompile>
    <ClCompile Include="..\source\FileList.cpp">
      <Filter>File System</Filter>
    </ClCompile>
    <ClCompile Include="..\source\FileSystem.cpp">
      <Filter>File System</Filter>
    </ClCompile>
    <ClCompile Include="..\source\PathUtil.cpp">
      <Filter>File System</Filter>
    </ClCompile>
    <ClCompile Include="..\source\File.cpp">
      <Filter>File System\File</Filter>
    </ClCompile>
    <ClCompile Include="..\source\LimitReadFile.cpp">
      <Filter>File System\File</Filter>
    </ClCompile>
    <ClCompile Include="..\source\MemoryFile.cpp">
      <Filter>File System\File</Filter>
    </ClCompile>
    <ClCompile Include="..\source\ReadFile.cpp">
      <Filter>File System\File</Filter>
    </ClCompile>
    <ClCompile Include="..\source\WriteFile.cpp">
      <Filter>File System\File</Filter>
    </ClCompile>
    <ClCompile Include="..\ZLIB\source\adler32.c">
      <Filter>libraries\zlib</Filter>
    </ClCompile>
    <ClCompile Include="..\ZLIB\source\compress.c">
      <Filter>libraries\zlib</Filter>
    </ClCompile>
    <ClCompile Include="..\ZLIB\source\crc32.c">
      <Filter>libraries\zlib</Filter>
    </ClCompile>
    <ClCompile Include="..\ZLIB\source\deflate.c">
      <Filter>libraries\zlib</Filter>
    </ClCompile>
    <ClCompile Include="..\ZLIB\source\gzclose.c">
      <Filter>libraries\zlib</Filter>
    </ClCompile>
    <ClCompile Include="..\ZLIB\source\gzlib.c">
      <Filter>libraries\zlib</Filter>
    </ClCompile>
    <ClCompile Include="..\ZLIB\source\gzread.c">
      <Filter>libraries\zlib</Filter>
    </ClCompile>
    <ClCompile Include="..\ZLIB\source\gzwrite.c">
      <Filter>libraries\zlib</Filter>
    </ClCompile>
    <ClCompile Include="..\ZLIB\source\infback.c">
      <Filter>libraries\zlib</Filter>
    </ClCompile>
    <ClCompile Include="..\ZLIB\source\inffast.c">
      <Filter>libraries\zlib</Filter>
    </ClCompile>
    <ClCompile Include="..\ZLIB\source\inflate.c">
      <Filter>libraries\zlib</Filter>
    </ClCompile>
    <ClCompile Include="..\ZLIB\source\inftrees.c">
      <Filter>libraries\zlib</Filter>
    </ClCompile>
    <ClCompile Include="..\ZLIB\source\trees.c">
      <Filter>libraries\zlib</Filter>
    </ClCompile>
    <ClCompile Include="..\ZLIB\source\uncompr.c">
      <Filter>libraries\zlib</Filter>
    </ClCompile>
    <ClCompile Include="..\ZLIB\source\zutil.c">
      <Filter>libraries\zlib</Filter>
    </ClCompile>
    <ClCompile Include="..\source\ZipReader.cpp">
      <Filter>File System\Archive Loaders</Filter>
    </ClCompile>
    <ClCompile Include="..\LIBPNG\source\png.c">
      <Filter>libraries\libpng</Filter>
    </ClCompile>
    <ClCompile Include="..\LIBPNG\source\pngerror.c">
      <Filter>libraries\libpng</Filter>
    </ClCompile>
    <ClCompile Include="..\LIBPNG\source\pngget.c">
      <Filter>libraries\libpng</Filter>
    </ClCompile>
    <ClCompile Include="..\LIBPNG\source\pngmem.c">
      <Filter>libraries\libpng</Filter>
    </ClCompile>
    <ClCompile Include="..\LIBPNG\source\pngpread.c">
      <Filter>libraries\libpng</Filter>
    </ClCompile>
    <ClCompile Include="..\LIBPNG\source\pngread.c">
      <Filter>libraries\libpng</Filter>
    </ClCompile>
    <ClCompile Include="..\LIBPNG\source\pngrio.c">
      <Filter>libraries\libpng</Filter>
    </ClCompile>
    <ClCompile Include="..\LIBPNG\source\pngrtran.c">
      <Filter>libraries\libpng</Filter>
    </ClCompile>
    <ClCompile Include="..\LIBPNG\source\pngrutil.c">
      <Filter>libraries\libpng</Filter>
    </ClCompile>
    <ClCompile Include="..\LIBPNG\source\pngset.c">
      <Filter>libraries\libpng</Filter>
    </ClCompile>
    <ClCompile Include="..\LIBPNG\source\pngtrans.c">
      <Filter>libraries\libpng</Filter>
    </ClCompile>
    <ClCompile Include="..\LIBPNG\source\pngwio.c">
      <Filter>libraries\libpng</Filter>
    </ClCompile>
    <ClCompile Include="..\LIBPNG\source\pngwrite.c">
      <Filter>libraries\libpng</Filter>
    </ClCompile>
    <ClCompile Include="..\LIBPNG\source\pngwtran.c">
      <Filter>libraries\libpng</Filter>
    </ClCompile>
    <ClCompile Include="..\LIBPNG\source\pngwutil.c">
      <Filter>libraries\libpng</Filter>
    </ClCompile>
    <ClCompile Include="..\source\PNG_Texture.c">
      <Filter>source</Filter>
    </ClCompile>
    <ClCompile Include="..\source\Shader.cpp">
      <Filter>OpenGL</Filter>
    </ClCompile>
    <ClCompile Include="..\source\ShaderProg.cpp">
      <Filter>OpenGL</Filter>
    </ClCompile>
  </ItemGroup>
  <ItemGroup>
    <ClInclude Include="..\include\os.h">
      <Filter>include</Filter>
    </ClInclude>
    <ClInclude Include="..\include\GL_Context.h">
      <Filter>include</Filter>
    </ClInclude>
    <ClInclude Include="..\include\FileList.h">
      <Filter>File System</Filter>
    </ClInclude>
    <ClInclude Include="..\include\FileSystem.h">
      <Filter>File System</Filter>
    </ClInclude>
    <ClInclude Include="..\include\PathUtil.h">
      <Filter>File System</Filter>
    </ClInclude>
    <ClInclude Include="..\include\File.h">
      <Filter>File System\File</Filter>
    </ClInclude>
    <ClInclude Include="..\include\LimitReadFile.h">
      <Filter>File System\File</Filter>
    </ClInclude>
    <ClInclude Include="..\include\MemoryFile.h">
      <Filter>File System\File</Filter>
    </ClInclude>
    <ClInclude Include="..\include\ReadFile.h">
      <Filter>File System\File</Filter>
    </ClInclude>
    <ClInclude Include="..\include\WriteFile.h">
      <Filter>File System\File</Filter>
    </ClInclude>
    <ClInclude Include="..\include\FileArchive.h">
      <Filter>File System</Filter>
    </ClInclude>
    <ClInclude Include="..\ZLIB\include\crc32.h">
      <Filter>libraries\zlib</Filter>
    </ClInclude>
    <ClInclude Include="..\ZLIB\include\deflate.h">
      <Filter>libraries\zlib</Filter>
    </ClInclude>
    <ClInclude Include="..\ZLIB\include\gzguts.h">
      <Filter>libraries\zlib</Filter>
    </ClInclude>
    <ClInclude Include="..\ZLIB\include\inffast.h">
      <Filter>libraries\zlib</Filter>
    </ClInclude>
    <ClInclude Include="..\ZLIB\include\inffixed.h">
      <Filter>libraries\zlib</Filter>
    </ClInclude>
    <ClInclude Include="..\ZLIB\include\inflate.h">
      <Filter>libraries\zlib</Filter>
    </ClInclude>
    <ClInclude Include="..\ZLIB\include\inftrees.h">
      <Filter>libraries\zlib</Filter>
    </ClInclude>
    <ClInclude Include="..\ZLIB\include\trees.h">
      <Filter>libraries\zlib</Filter>
    </ClInclude>
    <ClInclude Include="..\ZLIB\include\zconf.h">
      <Filter>libraries\zlib</Filter>
    </ClInclude>
    <ClInclude Include="..\ZLIB\include\zlib.h">
      <Filter>libraries\zlib</Filter>
    </ClInclude>
    <ClInclude Include="..\ZLIB\include\zutil.h">
      <Filter>libraries\zlib</Filter>
    </ClInclude>
    <ClInclude Include="..\include\ZipReader.h">
      <Filter>File System\Archive Loaders</Filter>
    </ClInclude>
    <ClInclude Include="..\include\bytePack.h">
      <Filter>include</Filter>
    </ClInclude>
    <ClInclude Include="..\include\byteUnpack.h">
      <Filter>include</Filter>
    </ClInclude>
    <ClInclude Include="..\LIBPNG\include\png.h">
      <Filter>libraries\libpng</Filter>
    </ClInclude>
    <ClInclude Include="..\LIBPNG\include\pngconf.h">
      <Filter>libraries\libpng</Filter>
    </ClInclude>
    <ClInclude Include="..\LIBPNG\include\pngdebug.h">
      <Filter>libraries\libpng</Filter>
    </ClInclude>
    <ClInclude Include="..\LIBPNG\include\pnginfo.h">
      <Filter>libraries\libpng</Filter>
    </ClInclude>
    <ClInclude Include="..\LIBPNG\include\pngpriv.h">
      <Filter>libraries\libpng</Filter>
    </ClInclude>
    <ClInclude Include="..\LIBPNG\include\pngstruct.h">
      <Filter>libraries\libpng</Filter>
    </ClInclude>
    <ClInclude Include="..\LIBPNG\include\pnglibconf.h">
      <Filter>libraries\libpng</Filter>
    </ClInclude>
    <ClInclude Include="..\include\PNG_Texture.h">
      <Filter>include</Filter>
    </ClInclude>
    <ClInclude Include="..\include\Shader.h">
      <Filter>OpenGL</Filter>
    </ClInclude>
    <ClInclude Include="..\include\ShaderProg.h">
      <Filter>OpenGL</Filter>
    </ClInclude>
  </ItemGroup>
</Project>